
Microsoft Visual Studio Solution File, Format Version 12.00
# Visual Studio Version 17
VisualStudioVersion = 17.8.34525.116
MinimumVisualStudioVersion = 10.0.40219.1
Project("{FAE04EC0-301F-11D3-BF4B-00C04F79EFBC}") = "WordpadKiller", "WordpadKiller\WordpadKiller.csproj", "{3EB0F92D-878A-44D8-BBDB-FF72CB184E34}"
EndProject
Global
	GlobalSection(SolutionConfigurationPlatforms) = preSolution
		Debug|Any CPU = Debug|Any CPU
		Release|Any CPU = Release|Any CPU
	EndGlobalSection
	GlobalSection(ProjectConfigurationPlatforms) = postSolution
		{3EB0F92D-878A-44D8-BBDB-FF72CB184E34}.Debug|Any CPU.ActiveCfg = Debug|Any CPU
		{3EB0F92D-878A-44D8-BBDB-FF72CB184E34}.Debug|Any CPU.Build.0 = Debug|Any CPU
		{3EB0F92D-878A-44D8-BBDB-FF72CB184E34}.Release|Any CPU.ActiveCfg = Release|Any CPU
		{3EB0F92D-878A-44D8-BBDB-FF72CB184E34}.Release|Any CPU.Build.0 = Release|Any CPU
	EndGlobalSection
	GlobalSection(SolutionProperties) = preSolution
		HideSolutionNode = FALSE
	EndGlobalSection
	GlobalSection(ExtensibilityGlobals) = postSolution
		SolutionGuid = {EEF8A37F-3F01-4FB2-A4CD-EC9A5ED83796}
	EndGlobalSection
EndGlobal
