
Microsoft Visual Studio Solution File, Format Version 12.00
# Visual Studio Version 17
VisualStudioVersion = 17.8.34525.116
MinimumVisualStudioVersion = 10.0.40219.1
Project("{FAE04EC0-301F-11D3-BF4B-00C04F79EFBC}") = "9MarchHomework", "9MarchHomework\9MarchHomework.csproj", "{0557E188-B0E1-465B-8939-7A658AB80834}"
EndProject
Global
	GlobalSection(SolutionConfigurationPlatforms) = preSolution
		Debug|Any CPU = Debug|Any CPU
		Release|Any CPU = Release|Any CPU
	EndGlobalSection
	GlobalSection(ProjectConfigurationPlatforms) = postSolution
		{0557E188-B0E1-465B-8939-7A658AB80834}.Debug|Any CPU.ActiveCfg = Debug|Any CPU
		{0557E188-B0E1-465B-8939-7A658AB80834}.Debug|Any CPU.Build.0 = Debug|Any CPU
		{0557E188-B0E1-465B-8939-7A658AB80834}.Release|Any CPU.ActiveCfg = Release|Any CPU
		{0557E188-B0E1-465B-8939-7A658AB80834}.Release|Any CPU.Build.0 = Release|Any CPU
	EndGlobalSection
	GlobalSection(SolutionProperties) = preSolution
		HideSolutionNode = FALSE
	EndGlobalSection
	GlobalSection(ExtensibilityGlobals) = postSolution
		SolutionGuid = {6C19DAAC-4453-40FD-A4B4-C1A4A75210BD}
	EndGlobalSection
EndGlobal
