
Microsoft Visual Studio Solution File, Format Version 12.00
# Visual Studio Version 17
VisualStudioVersion = 17.8.34525.116
MinimumVisualStudioVersion = 10.0.40219.1
Project("{FAE04EC0-301F-11D3-BF4B-00C04F79EFBC}") = "MouseHoverApp", "MouseHoverApp\MouseHoverApp.csproj", "{C85ECD52-0803-48AF-8689-607A271AADDD}"
EndProject
Global
	GlobalSection(SolutionConfigurationPlatforms) = preSolution
		Debug|Any CPU = Debug|Any CPU
		Release|Any CPU = Release|Any CPU
	EndGlobalSection
	GlobalSection(ProjectConfigurationPlatforms) = postSolution
		{C85ECD52-0803-48AF-8689-607A271AADDD}.Debug|Any CPU.ActiveCfg = Debug|Any CPU
		{C85ECD52-0803-48AF-8689-607A271AADDD}.Debug|Any CPU.Build.0 = Debug|Any CPU
		{C85ECD52-0803-48AF-8689-607A271AADDD}.Release|Any CPU.ActiveCfg = Release|Any CPU
		{C85ECD52-0803-48AF-8689-607A271AADDD}.Release|Any CPU.Build.0 = Release|Any CPU
	EndGlobalSection
	GlobalSection(SolutionProperties) = preSolution
		HideSolutionNode = FALSE
	EndGlobalSection
	GlobalSection(ExtensibilityGlobals) = postSolution
		SolutionGuid = {A9BBEE12-2E61-472B-AC30-4F458F89A03B}
	EndGlobalSection
EndGlobal
