
Microsoft Visual Studio Solution File, Format Version 12.00
# Visual Studio Version 17
VisualStudioVersion = 17.8.34525.116
MinimumVisualStudioVersion = 10.0.40219.1
Project("{FAE04EC0-301F-11D3-BF4B-00C04F79EFBC}") = "4MarchHomeworkCSharp", "4MarchHomeworkCSharp\4MarchHomeworkCSharp.csproj", "{C0E6FA33-BADB-49C8-8176-08FEB4A00DA0}"
EndProject
Global
	GlobalSection(SolutionConfigurationPlatforms) = preSolution
		Debug|Any CPU = Debug|Any CPU
		Release|Any CPU = Release|Any CPU
	EndGlobalSection
	GlobalSection(ProjectConfigurationPlatforms) = postSolution
		{C0E6FA33-BADB-49C8-8176-08FEB4A00DA0}.Debug|Any CPU.ActiveCfg = Debug|Any CPU
		{C0E6FA33-BADB-49C8-8176-08FEB4A00DA0}.Debug|Any CPU.Build.0 = Debug|Any CPU
		{C0E6FA33-BADB-49C8-8176-08FEB4A00DA0}.Release|Any CPU.ActiveCfg = Release|Any CPU
		{C0E6FA33-BADB-49C8-8176-08FEB4A00DA0}.Release|Any CPU.Build.0 = Release|Any CPU
	EndGlobalSection
	GlobalSection(SolutionProperties) = preSolution
		HideSolutionNode = FALSE
	EndGlobalSection
	GlobalSection(ExtensibilityGlobals) = postSolution
		SolutionGuid = {34420836-C036-4AFC-99C8-301B05BA875E}
	EndGlobalSection
EndGlobal
